// !$*UTF8*$!
{
	archiveVersion = 1;
	classes = {
	};
	objectVersion = 55;
	objects = {

/* Begin PBXBuildFile section */
		17134F4427CDF29E00CA6BB0 /* BasicButton.swift in Sources */ = {isa = PBXBuildFile; fileRef = 17134F4327CDF29E00CA6BB0 /* BasicButton.swift */; };
		17DBA8C227CD1E8E002FDB3D /* Birds_of_IstanbulApp.swift in Sources */ = {isa = PBXBuildFile; fileRef = 17DBA8C127CD1E8E002FDB3D /* Birds_of_IstanbulApp.swift */; };
		17DBA8C427CD1E8E002FDB3D /* ContentView.swift in Sources */ = {isa = PBXBuildFile; fileRef = 17DBA8C327CD1E8E002FDB3D /* ContentView.swift */; };
		17DBA8C627CD1E8E002FDB3D /* Assets.xcassets in Resources */ = {isa = PBXBuildFile; fileRef = 17DBA8C527CD1E8E002FDB3D /* Assets.xcassets */; };
		17DBA8C927CD1E8E002FDB3D /* Preview Assets.xcassets in Resources */ = {isa = PBXBuildFile; fileRef = 17DBA8C827CD1E8E002FDB3D /* Preview Assets.xcassets */; };
		17DBA8D327CD1E8E002FDB3D /* Birds_of_IstanbulTests.swift in Sources */ = {isa = PBXBuildFile; fileRef = 17DBA8D227CD1E8E002FDB3D /* Birds_of_IstanbulTests.swift */; };
		17DBA8DD27CD1E8E002FDB3D /* Birds_of_IstanbulUITests.swift in Sources */ = {isa = PBXBuildFile; fileRef = 17DBA8DC27CD1E8E002FDB3D /* Birds_of_IstanbulUITests.swift */; };
		17DBA8DF27CD1E8E002FDB3D /* Birds_of_IstanbulUITestsLaunchTests.swift in Sources */ = {isa = PBXBuildFile; fileRef = 17DBA8DE27CD1E8E002FDB3D /* Birds_of_IstanbulUITestsLaunchTests.swift */; };
/* End PBXBuildFile section */

/* Begin PBXContainerItemProxy section */
		17DBA8CF27CD1E8E002FDB3D /* PBXContainerItemProxy */ = {
			isa = PBXContainerItemProxy;
			containerPortal = 17DBA8B627CD1E8E002FDB3D /* Project object */;
			proxyType = 1;
			remoteGlobalIDString = 17DBA8BD27CD1E8E002FDB3D;
			remoteInfo = "Birds of Istanbul";
		};
		17DBA8D927CD1E8E002FDB3D /* PBXContainerItemProxy */ = {
			isa = PBXContainerItemProxy;
			containerPortal = 17DBA8B627CD1E8E002FDB3D /* Project object */;
			proxyType = 1;
			remoteGlobalIDString = 17DBA8BD27CD1E8E002FDB3D;
			remoteInfo = "Birds of Istanbul";
		};
/* End PBXContainerItemProxy section */

/* Begin PBXFileReference section */
		17134F4327CDF29E00CA6BB0 /* BasicButton.swift */ = {isa = PBXFileReference; lastKnownFileType = sourcecode.swift; path = BasicButton.swift; sourceTree = "<group>"; };
		17DBA8BE27CD1E8E002FDB3D /* Birds of Istanbul.app */ = {isa = PBXFileReference; explicitFileType = wrapper.application; includeInIndex = 0; path = "Birds of Istanbul.app"; sourceTree = BUILT_PRODUCTS_DIR; };
		17DBA8C127CD1E8E002FDB3D /* Birds_of_IstanbulApp.swift */ = {isa = PBXFileReference; lastKnownFileType = sourcecode.swift; path = Birds_of_IstanbulApp.swift; sourceTree = "<group>"; };
		17DBA8C327CD1E8E002FDB3D /* ContentView.swift */ = {isa = PBXFileReference; lastKnownFileType = sourcecode.swift; path = ContentView.swift; sourceTree = "<group>"; };
		17DBA8C527CD1E8E002FDB3D /* Assets.xcassets */ = {isa = PBXFileReference; lastKnownFileType = folder.assetcatalog; path = Assets.xcassets; sourceTree = "<group>"; };
		17DBA8C827CD1E8E002FDB3D /* Preview Assets.xcassets */ = {isa = PBXFileReference; lastKnownFileType = folder.assetcatalog; path = "Preview Assets.xcassets"; sourceTree = "<group>"; };
		17DBA8CE27CD1E8E002FDB3D /* Birds of IstanbulTests.xctest */ = {isa = PBXFileReference; explicitFileType = wrapper.cfbundle; includeInIndex = 0; path = "Birds of IstanbulTests.xctest"; sourceTree = BUILT_PRODUCTS_DIR; };
		17DBA8D227CD1E8E002FDB3D /* Birds_of_IstanbulTests.swift */ = {isa = PBXFileReference; lastKnownFileType = sourcecode.swift; path = Birds_of_IstanbulTests.swift; sourceTree = "<group>"; };
		17DBA8D827CD1E8E002FDB3D /* Birds of IstanbulUITests.xctest */ = {isa = PBXFileReference; explicitFileType = wrapper.cfbundle; includeInIndex = 0; path = "Birds of IstanbulUITests.xctest"; sourceTree = BUILT_PRODUCTS_DIR; };
		17DBA8DC27CD1E8E002FDB3D /* Birds_of_IstanbulUITests.swift */ = {isa = PBXFileReference; lastKnownFileType = sourcecode.swift; path = Birds_of_IstanbulUITests.swift; sourceTree = "<group>"; };
		17DBA8DE27CD1E8E002FDB3D /* Birds_of_IstanbulUITestsLaunchTests.swift */ = {isa = PBXFileReference; lastKnownFileType = sourcecode.swift; path = Birds_of_IstanbulUITestsLaunchTests.swift; sourceTree = "<group>"; };
/* End PBXFileReference section */

/* Begin PBXFrameworksBuildPhase section */
		17DBA8BB27CD1E8E002FDB3D /* Frameworks */ = {
			isa = PBXFrameworksBuildPhase;
			buildActionMask = 2147483647;
			files = (
			);
			runOnlyForDeploymentPostprocessing = 0;
		};
		17DBA8CB27CD1E8E002FDB3D /* Frameworks */ = {
			isa = PBXFrameworksBuildPhase;
			buildActionMask = 2147483647;
			files = (
			);
			runOnlyForDeploymentPostprocessing = 0;
		};
		17DBA8D527CD1E8E002FDB3D /* Frameworks */ = {
			isa = PBXFrameworksBuildPhase;
			buildActionMask = 2147483647;
			files = (
			);
			runOnlyForDeploymentPostprocessing = 0;
		};
/* End PBXFrameworksBuildPhase section */

/* Begin PBXGroup section */
		17DBA8B527CD1E8E002FDB3D = {
			isa = PBXGroup;
			children = (
				17DBA8C027CD1E8E002FDB3D /* Birds of Istanbul */,
				17DBA8D127CD1E8E002FDB3D /* Birds of IstanbulTests */,
				17DBA8DB27CD1E8E002FDB3D /* Birds of IstanbulUITests */,
				17DBA8BF27CD1E8E002FDB3D /* Products */,
			);
			sourceTree = "<group>";
		};
		17DBA8BF27CD1E8E002FDB3D /* Products */ = {
			isa = PBXGroup;
			children = (
				17DBA8BE27CD1E8E002FDB3D /* Birds of Istanbul.app */,
				17DBA8CE27CD1E8E002FDB3D /* Birds of IstanbulTests.xctest */,
				17DBA8D827CD1E8E002FDB3D /* Birds of IstanbulUITests.xctest */,
			);
			name = Products;
			sourceTree = "<group>";
		};
		17DBA8C027CD1E8E002FDB3D /* Birds of Istanbul */ = {
			isa = PBXGroup;
			children = (
				17DBA8C127CD1E8E002FDB3D /* Birds_of_IstanbulApp.swift */,
				17DBA8C327CD1E8E002FDB3D /* ContentView.swift */,
				17134F4327CDF29E00CA6BB0 /* BasicButton.swift */,
				17DBA8C527CD1E8E002FDB3D /* Assets.xcassets */,
				17DBA8C727CD1E8E002FDB3D /* Preview Content */,
			);
			path = "Birds of Istanbul";
			sourceTree = "<group>";
		};
		17DBA8C727CD1E8E002FDB3D /* Preview Content */ = {
			isa = PBXGroup;
			children = (
				17DBA8C827CD1E8E002FDB3D /* Preview Assets.xcassets */,
			);
			path = "Preview Content";
			sourceTree = "<group>";
		};
		17DBA8D127CD1E8E002FDB3D /* Birds of IstanbulTests */ = {
			isa = PBXGroup;
			children = (
				17DBA8D227CD1E8E002FDB3D /* Birds_of_IstanbulTests.swift */,
			);
			path = "Birds of IstanbulTests";
			sourceTree = "<group>";
		};
		17DBA8DB27CD1E8E002FDB3D /* Birds of IstanbulUITests */ = {
			isa = PBXGroup;
			children = (
				17DBA8DC27CD1E8E002FDB3D /* Birds_of_IstanbulUITests.swift */,
				17DBA8DE27CD1E8E002FDB3D /* Birds_of_IstanbulUITestsLaunchTests.swift */,
			);
			path = "Birds of IstanbulUITests";
			sourceTree = "<group>";
		};
/* End PBXGroup section */

/* Begin PBXNativeTarget section */
		17DBA8BD27CD1E8E002FDB3D /* Birds of Istanbul */ = {
			isa = PBXNativeTarget;
			buildConfigurationList = 17DBA8E227CD1E8E002FDB3D /* Build configuration list for PBXNativeTarget "Birds of Istanbul" */;
			buildPhases = (
				17DBA8BA27CD1E8E002FDB3D /* Sources */,
				17DBA8BB27CD1E8E002FDB3D /* Frameworks */,
				17DBA8BC27CD1E8E002FDB3D /* Resources */,
			);
			buildRules = (
			);
			dependencies = (
			);
			name = "Birds of Istanbul";
			productName = "Birds of Istanbul";
			productReference = 17DBA8BE27CD1E8E002FDB3D /* Birds of Istanbul.app */;
			productType = "com.apple.product-type.application";
		};
		17DBA8CD27CD1E8E002FDB3D /* Birds of IstanbulTests */ = {
			isa = PBXNativeTarget;
			buildConfigurationList = 17DBA8E527CD1E8E002FDB3D /* Build configuration list for PBXNativeTarget "Birds of IstanbulTests" */;
			buildPhases = (
				17DBA8CA27CD1E8E002FDB3D /* Sources */,
				17DBA8CB27CD1E8E002FDB3D /* Frameworks */,
				17DBA8CC27CD1E8E002FDB3D /* Resources */,
			);
			buildRules = (
			);
			dependencies = (
				17DBA8D027CD1E8E002FDB3D /* PBXTargetDependency */,
			);
			name = "Birds of IstanbulTests";
			productName = "Birds of IstanbulTests";
			productReference = 17DBA8CE27CD1E8E002FDB3D /* Birds of IstanbulTests.xctest */;
			productType = "com.apple.product-type.bundle.unit-test";
		};
		17DBA8D727CD1E8E002FDB3D /* Birds of IstanbulUITests */ = {
			isa = PBXNativeTarget;
			buildConfigurationList = 17DBA8E827CD1E8E002FDB3D /* Build configuration list for PBXNativeTarget "Birds of IstanbulUITests" */;
			buildPhases = (
				17DBA8D427CD1E8E002FDB3D /* Sources */,
				17DBA8D527CD1E8E002FDB3D /* Frameworks */,
				17DBA8D627CD1E8E002FDB3D /* Resources */,
			);
			buildRules = (
			);
			dependencies = (
				17DBA8DA27CD1E8E002FDB3D /* PBXTargetDependency */,
			);
			name = "Birds of IstanbulUITests";
			productName = "Birds of IstanbulUITests";
			productReference = 17DBA8D827CD1E8E002FDB3D /* Birds of IstanbulUITests.xctest */;
			productType = "com.apple.product-type.bundle.ui-testing";
		};
/* End PBXNativeTarget section */

/* Begin PBXProject section */
		17DBA8B627CD1E8E002FDB3D /* Project object */ = {
			isa = PBXProject;
			attributes = {
				BuildIndependentTargetsInParallel = 1;
				LastSwiftUpdateCheck = 1320;
				LastUpgradeCheck = 1320;
				TargetAttributes = {
					17DBA8BD27CD1E8E002FDB3D = {
						CreatedOnToolsVersion = 13.2.1;
					};
					17DBA8CD27CD1E8E002FDB3D = {
						CreatedOnToolsVersion = 13.2.1;
						TestTargetID = 17DBA8BD27CD1E8E002FDB3D;
					};
					17DBA8D727CD1E8E002FDB3D = {
						CreatedOnToolsVersion = 13.2.1;
						TestTargetID = 17DBA8BD27CD1E8E002FDB3D;
					};
				};
			};
			buildConfigurationList = 17DBA8B927CD1E8E002FDB3D /* Build configuration list for PBXProject "Birds of Istanbul" */;
			compatibilityVersion = "Xcode 13.0";
			developmentRegion = en;
			hasScannedForEncodings = 0;
			knownRegions = (
				en,
				Base,
			);
			mainGroup = 17DBA8B527CD1E8E002FDB3D;
			productRefGroup = 17DBA8BF27CD1E8E002FDB3D /* Products */;
			projectDirPath = "";
			projectRoot = "";
			targets = (
				17DBA8BD27CD1E8E002FDB3D /* Birds of Istanbul */,
				17DBA8CD27CD1E8E002FDB3D /* Birds of IstanbulTests */,
				17DBA8D727CD1E8E002FDB3D /* Birds of IstanbulUITests */,
			);
		};
/* End PBXProject section */

/* Begin PBXResourcesBuildPhase section */
		17DBA8BC27CD1E8E002FDB3D /* Resources */ = {
			isa = PBXResourcesBuildPhase;
			buildActionMask = 2147483647;
			files = (
				17DBA8C927CD1E8E002FDB3D /* Preview Assets.xcassets in Resources */,
				17DBA8C627CD1E8E002FDB3D /* Assets.xcassets in Resources */,
			);
			runOnlyForDeploymentPostprocessing = 0;
		};
		17DBA8CC27CD1E8E002FDB3D /* Resources */ = {
			isa = PBXResourcesBuildPhase;
			buildActionMask = 2147483647;
			files = (
			);
			runOnlyForDeploymentPostprocessing = 0;
		};
		17DBA8D627CD1E8E002FDB3D /* Resources */ = {
			isa = PBXResourcesBuildPhase;
			buildActionMask = 2147483647;
			files = (
			);
			runOnlyForDeploymentPostprocessing = 0;
		};
/* End PBXResourcesBuildPhase section */

/* Begin PBXSourcesBuildPhase section */
		17DBA8BA27CD1E8E002FDB3D /* Sources */ = {
			isa = PBXSourcesBuildPhase;
			buildActionMask = 2147483647;
			files = (
				17134F4427CDF29E00CA6BB0 /* BasicButton.swift in Sources */,
				17DBA8C427CD1E8E002FDB3D /* ContentView.swift in Sources */,
				17DBA8C227CD1E8E002FDB3D /* Birds_of_IstanbulApp.swift in Sources */,
			);
			runOnlyForDeploymentPostprocessing = 0;
		};
		17DBA8CA27CD1E8E002FDB3D /* Sources */ = {
			isa = PBXSourcesBuildPhase;
			buildActionMask = 2147483647;
			files = (
				17DBA8D327CD1E8E002FDB3D /* Birds_of_IstanbulTests.swift in Sources */,
			);
			runOnlyForDeploymentPostprocessing = 0;
		};
		17DBA8D427CD1E8E002FDB3D /* Sources */ = {
			isa = PBXSourcesBuildPhase;
			buildActionMask = 2147483647;
			files = (
				17DBA8DF27CD1E8E002FDB3D /* Birds_of_IstanbulUITestsLaunchTests.swift in Sources */,
				17DBA8DD27CD1E8E002FDB3D /* Birds_of_IstanbulUITests.swift in Sources */,
			);
			runOnlyForDeploymentPostprocessing = 0;
		};
/* End PBXSourcesBuildPhase section */

/* Begin PBXTargetDependency section */
		17DBA8D027CD1E8E002FDB3D /* PBXTargetDependency */ = {
			isa = PBXTargetDependency;
			target = 17DBA8BD27CD1E8E002FDB3D /* Birds of Istanbul */;
			targetProxy = 17DBA8CF27CD1E8E002FDB3D /* PBXContainerItemProxy */;
		};
		17DBA8DA27CD1E8E002FDB3D /* PBXTargetDependency */ = {
			isa = PBXTargetDependency;
			target = 17DBA8BD27CD1E8E002FDB3D /* Birds of Istanbul */;
			targetProxy = 17DBA8D927CD1E8E002FDB3D /* PBXContainerItemProxy */;
		};
/* End PBXTargetDependency section */

/* Begin XCBuildConfiguration section */
		17DBA8E027CD1E8E002FDB3D /* Debug */ = {
			isa = XCBuildConfiguration;
			buildSettings = {
				ALWAYS_SEARCH_USER_PATHS = NO;
				CLANG_ANALYZER_NONNULL = YES;
				CLANG_ANALYZER_NUMBER_OBJECT_CONVERSION = YES_AGGRESSIVE;
				CLANG_CXX_LANGUAGE_STANDARD = "gnu++17";
				CLANG_CXX_LIBRARY = "libc++";
				CLANG_ENABLE_MODULES = YES;
				CLANG_ENABLE_OBJC_ARC = YES;
				CLANG_ENABLE_OBJC_WEAK = YES;
				CLANG_WARN_BLOCK_CAPTURE_AUTORELEASING = YES;
				CLANG_WARN_BOOL_CONVERSION = YES;
				CLANG_WARN_COMMA = YES;
				CLANG_WARN_CONSTANT_CONVERSION = YES;
				CLANG_WARN_DEPRECATED_OBJC_IMPLEMENTATIONS = YES;
				CLANG_WARN_DIRECT_OBJC_ISA_USAGE = YES_ERROR;
				CLANG_WARN_DOCUMENTATION_COMMENTS = YES;
				CLANG_WARN_EMPTY_BODY = YES;
				CLANG_WARN_ENUM_CONVERSION = YES;
				CLANG_WARN_INFINITE_RECURSION = YES;
				CLANG_WARN_INT_CONVERSION = YES;
				CLANG_WARN_NON_LITERAL_NULL_CONVERSION = YES;
				CLANG_WARN_OBJC_IMPLICIT_RETAIN_SELF = YES;
				CLANG_WARN_OBJC_LITERAL_CONVERSION = YES;
				CLANG_WARN_OBJC_ROOT_CLASS = YES_ERROR;
				CLANG_WARN_QUOTED_INCLUDE_IN_FRAMEWORK_HEADER = YES;
				CLANG_WARN_RANGE_LOOP_ANALYSIS = YES;
				CLANG_WARN_STRICT_PROTOTYPES = YES;
				CLANG_WARN_SUSPICIOUS_MOVE = YES;
				CLANG_WARN_UNGUARDED_AVAILABILITY = YES_AGGRESSIVE;
				CLANG_WARN_UNREACHABLE_CODE = YES;
				CLANG_WARN__DUPLICATE_METHOD_MATCH = YES;
				COPY_PHASE_STRIP = NO;
				DEBUG_INFORMATION_FORMAT = dwarf;
				ENABLE_STRICT_OBJC_MSGSEND = YES;
				ENABLE_TESTABILITY = YES;
				GCC_C_LANGUAGE_STANDARD = gnu11;
				GCC_DYNAMIC_NO_PIC = NO;
				GCC_NO_COMMON_BLOCKS = YES;
				GCC_OPTIMIZATION_LEVEL = 0;
				GCC_PREPROCESSOR_DEFINITIONS = (
					"DEBUG=1",
					"$(inherited)",
				);
				GCC_WARN_64_TO_32_BIT_CONVERSION = YES;
				GCC_WARN_ABOUT_RETURN_TYPE = YES_ERROR;
				GCC_WARN_UNDECLARED_SELECTOR = YES;
				GCC_WARN_UNINITIALIZED_AUTOS = YES_AGGRESSIVE;
				GCC_WARN_UNUSED_FUNCTION = YES;
				GCC_WARN_UNUSED_VARIABLE = YES;
				IPHONEOS_DEPLOYMENT_TARGET = 15.2;
				MTL_ENABLE_DEBUG_INFO = INCLUDE_SOURCE;
				MTL_FAST_MATH = YES;
				ONLY_ACTIVE_ARCH = YES;
				SDKROOT = iphoneos;
				SWIFT_ACTIVE_COMPILATION_CONDITIONS = DEBUG;
				SWIFT_OPTIMIZATION_LEVEL = "-Onone";
			};
			name = Debug;
		};
		17DBA8E127CD1E8E002FDB3D /* Release */ = {
			isa = XCBuildConfiguration;
			buildSettings = {
				ALWAYS_SEARCH_USER_PATHS = NO;
				CLANG_ANALYZER_NONNULL = YES;
				CLANG_ANALYZER_NUMBER_OBJECT_CONVERSION = YES_AGGRESSIVE;
				CLANG_CXX_LANGUAGE_STANDARD = "gnu++17";
				CLANG_CXX_LIBRARY = "libc++";
				CLANG_ENABLE_MODULES = YES;
				CLANG_ENABLE_OBJC_ARC = YES;
				CLANG_ENABLE_OBJC_WEAK = YES;
				CLANG_WARN_BLOCK_CAPTURE_AUTORELEASING = YES;
				CLANG_WARN_BOOL_CONVERSION = YES;
				CLANG_WARN_COMMA = YES;
				CLANG_WARN_CONSTANT_CONVERSION = YES;
				CLANG_WARN_DEPRECATED_OBJC_IMPLEMENTATIONS = YES;
				CLANG_WARN_DIRECT_OBJC_ISA_USAGE = YES_ERROR;
				CLANG_WARN_DOCUMENTATION_COMMENTS = YES;
				CLANG_WARN_EMPTY_BODY = YES;
				CLANG_WARN_ENUM_CONVERSION = YES;
				CLANG_WARN_INFINITE_RECURSION = YES;
				CLANG_WARN_INT_CONVERSION = YES;
				CLANG_WARN_NON_LITERAL_NULL_CONVERSION = YES;
				CLANG_WARN_OBJC_IMPLICIT_RETAIN_SELF = YES;
				CLANG_WARN_OBJC_LITERAL_CONVERSION = YES;
				CLANG_WARN_OBJC_ROOT_CLASS = YES_ERROR;
				CLANG_WARN_QUOTED_INCLUDE_IN_FRAMEWORK_HEADER = YES;
				CLANG_WARN_RANGE_LOOP_ANALYSIS = YES;
				CLANG_WARN_STRICT_PROTOTYPES = YES;
				CLANG_WARN_SUSPICIOUS_MOVE = YES;
				CLANG_WARN_UNGUARDED_AVAILABILITY = YES_AGGRESSIVE;
				CLANG_WARN_UNREACHABLE_CODE = YES;
				CLANG_WARN__DUPLICATE_METHOD_MATCH = YES;
				COPY_PHASE_STRIP = NO;
				DEBUG_INFORMATION_FORMAT = "dwarf-with-dsym";
				ENABLE_NS_ASSERTIONS = NO;
				ENABLE_STRICT_OBJC_MSGSEND = YES;
				GCC_C_LANGUAGE_STANDARD = gnu11;
				GCC_NO_COMMON_BLOCKS = YES;
				GCC_WARN_64_TO_32_BIT_CONVERSION = YES;
				GCC_WARN_ABOUT_RETURN_TYPE = YES_ERROR;
				GCC_WARN_UNDECLARED_SELECTOR = YES;
				GCC_WARN_UNINITIALIZED_AUTOS = YES_AGGRESSIVE;
				GCC_WARN_UNUSED_FUNCTION = YES;
				GCC_WARN_UNUSED_VARIABLE = YES;
				IPHONEOS_DEPLOYMENT_TARGET = 15.2;
				MTL_ENABLE_DEBUG_INFO = NO;
				MTL_FAST_MATH = YES;
				SDKROOT = iphoneos;
				SWIFT_COMPILATION_MODE = wholemodule;
				SWIFT_OPTIMIZATION_LEVEL = "-O";
				VALIDATE_PRODUCT = YES;
			};
			name = Release;
		};
		17DBA8E327CD1E8E002FDB3D /* Debug */ = {
			isa = XCBuildConfiguration;
			buildSettings = {
				ASSETCATALOG_COMPILER_APPICON_NAME = AppIcon;
				ASSETCATALOG_COMPILER_GLOBAL_ACCENT_COLOR_NAME = AccentColor;
				CODE_SIGN_STYLE = Automatic;
				CURRENT_PROJECT_VERSION = 1;
				DEVELOPMENT_ASSET_PATHS = "\"Birds of Istanbul/Preview Content\"";
				ENABLE_PREVIEWS = YES;
				GENERATE_INFOPLIST_FILE = YES;
				INFOPLIST_KEY_UIApplicationSceneManifest_Generation = YES;
				INFOPLIST_KEY_UIApplicationSupportsIndirectInputEvents = YES;
				INFOPLIST_KEY_UILaunchScreen_Generation = YES;
				INFOPLIST_KEY_UISupportedInterfaceOrientations_iPad = "UIInterfaceOrientationPortrait UIInterfaceOrientationPortraitUpsideDown UIInterfaceOrientationLandscapeLeft UIInterfaceOrientationLandscapeRight";
				INFOPLIST_KEY_UISupportedInterfaceOrientations_iPhone = "UIInterfaceOrientationPortrait UIInterfaceOrientationLandscapeLeft UIInterfaceOrientationLandscapeRight";
				LD_RUNPATH_SEARCH_PATHS = (
					"$(inherited)",
					"@executable_path/Frameworks",
				);
				MARKETING_VERSION = 1.0;
				PRODUCT_BUNDLE_IDENTIFIER = "BOI.Birds-of-Istanbul";
				PRODUCT_NAME = "$(TARGET_NAME)";
				SWIFT_EMIT_LOC_STRINGS = YES;
				SWIFT_VERSION = 5.0;
				TARGETED_DEVICE_FAMILY = "1,2";
			};
			name = Debug;
		};
		17DBA8E427CD1E8E002FDB3D /* Release */ = {
			isa = XCBuildConfiguration;
			buildSettings = {
				ASSETCATALOG_COMPILER_APPICON_NAME = AppIcon;
				ASSETCATALOG_COMPILER_GLOBAL_ACCENT_COLOR_NAME = AccentColor;
				CODE_SIGN_STYLE = Automatic;
				CURRENT_PROJECT_VERSION = 1;
				DEVELOPMENT_ASSET_PATHS = "\"Birds of Istanbul/Preview Content\"";
				ENABLE_PREVIEWS = YES;
				GENERATE_INFOPLIST_FILE = YES;
				INFOPLIST_KEY_UIApplicationSceneManifest_Generation = YES;
				INFOPLIST_KEY_UIApplicationSupportsIndirectInputEvents = YES;
				INFOPLIST_KEY_UILaunchScreen_Generation = YES;
				INFOPLIST_KEY_UISupportedInterfaceOrientations_iPad = "UIInterfaceOrientationPortrait UIInterfaceOrientationPortraitUpsideDown UIInterfaceOrientationLandscapeLeft UIInterfaceOrientationLandscapeRight";
				INFOPLIST_KEY_UISupportedInterfaceOrientations_iPhone = "UIInterfaceOrientationPortrait UIInterfaceOrientationLandscapeLeft UIInterfaceOrientationLandscapeRight";
				LD_RUNPATH_SEARCH_PATHS = (
					"$(inherited)",
					"@executable_path/Frameworks",
				);
				MARKETING_VERSION = 1.0;
				PRODUCT_BUNDLE_IDENTIFIER = "BOI.Birds-of-Istanbul";
				PRODUCT_NAME = "$(TARGET_NAME)";
				SWIFT_EMIT_LOC_STRINGS = YES;
				SWIFT_VERSION = 5.0;
				TARGETED_DEVICE_FAMILY = "1,2";
			};
			name = Release;
		};
		17DBA8E627CD1E8E002FDB3D /* Debug */ = {
			isa = XCBuildConfiguration;
			buildSettings = {
				ALWAYS_EMBED_SWIFT_STANDARD_LIBRARIES = YES;
				BUNDLE_LOADER = "$(TEST_HOST)";
				CODE_SIGN_STYLE = Automatic;
				CURRENT_PROJECT_VERSION = 1;
				GENERATE_INFOPLIST_FILE = YES;
				IPHONEOS_DEPLOYMENT_TARGET = 15.2;
				MARKETING_VERSION = 1.0;
				PRODUCT_BUNDLE_IDENTIFIER = "BOI.Birds-of-IstanbulTests";
				PRODUCT_NAME = "$(TARGET_NAME)";
				SWIFT_EMIT_LOC_STRINGS = NO;
				SWIFT_VERSION = 5.0;
				TARGETED_DEVICE_FAMILY = "1,2";
				TEST_HOST = "$(BUILT_PRODUCTS_DIR)/Birds of Istanbul.app/Birds of Istanbul";
			};
			name = Debug;
		};
		17DBA8E727CD1E8E002FDB3D /* Release */ = {
			isa = XCBuildConfiguration;
			buildSettings = {
				ALWAYS_EMBED_SWIFT_STANDARD_LIBRARIES = YES;
				BUNDLE_LOADER = "$(TEST_HOST)";
				CODE_SIGN_STYLE = Automatic;
				CURRENT_PROJECT_VERSION = 1;
				GENERATE_INFOPLIST_FILE = YES;
				IPHONEOS_DEPLOYMENT_TARGET = 15.2;
				MARKETING_VERSION = 1.0;
				PRODUCT_BUNDLE_IDENTIFIER = "BOI.Birds-of-IstanbulTests";
				PRODUCT_NAME = "$(TARGET_NAME)";
				SWIFT_EMIT_LOC_STRINGS = NO;
				SWIFT_VERSION = 5.0;
				TARGETED_DEVICE_FAMILY = "1,2";
				TEST_HOST = "$(BUILT_PRODUCTS_DIR)/Birds of Istanbul.app/Birds of Istanbul";
			};
			name = Release;
		};
		17DBA8E927CD1E8E002FDB3D /* Debug */ = {
			isa = XCBuildConfiguration;
			buildSettings = {
				ALWAYS_EMBED_SWIFT_STANDARD_LIBRARIES = YES;
				CODE_SIGN_STYLE = Automatic;
				CURRENT_PROJECT_VERSION = 1;
				GENERATE_INFOPLIST_FILE = YES;
				MARKETING_VERSION = 1.0;
				PRODUCT_BUNDLE_IDENTIFIER = "BOI.Birds-of-IstanbulUITests";
				PRODUCT_NAME = "$(TARGET_NAME)";
				SWIFT_EMIT_LOC_STRINGS = NO;
				SWIFT_VERSION = 5.0;
				TARGETED_DEVICE_FAMILY = "1,2";
				TEST_TARGET_NAME = "Birds of Istanbul";
			};
			name = Debug;
		};
		17DBA8EA27CD1E8E002FDB3D /* Release */ = {
			isa = XCBuildConfiguration;
			buildSettings = {
				ALWAYS_EMBED_SWIFT_STANDARD_LIBRARIES = YES;
				CODE_SIGN_STYLE = Automatic;
				CURRENT_PROJECT_VERSION = 1;
				GENERATE_INFOPLIST_FILE = YES;
				MARKETING_VERSION = 1.0;
				PRODUCT_BUNDLE_IDENTIFIER = "BOI.Birds-of-IstanbulUITests";
				PRODUCT_NAME = "$(TARGET_NAME)";
				SWIFT_EMIT_LOC_STRINGS = NO;
				SWIFT_VERSION = 5.0;
				TARGETED_DEVICE_FAMILY = "1,2";
				TEST_TARGET_NAME = "Birds of Istanbul";
			};
			name = Release;
		};
/* End XCBuildConfiguration section */

/* Begin XCConfigurationList section */
		17DBA8B927CD1E8E002FDB3D /* Build configuration list for PBXProject "Birds of Istanbul" */ = {
			isa = XCConfigurationList;
			buildConfigurations = (
				17DBA8E027CD1E8E002FDB3D /* Debug */,
				17DBA8E127CD1E8E002FDB3D /* Release */,
			);
			defaultConfigurationIsVisible = 0;
			defaultConfigurationName = Release;
		};
		17DBA8E227CD1E8E002FDB3D /* Build configuration list for PBXNativeTarget "Birds of Istanbul" */ = {
			isa = XCConfigurationList;
			buildConfigurations = (
				17DBA8E327CD1E8E002FDB3D /* Debug */,
				17DBA8E427CD1E8E002FDB3D /* Release */,
			);
			defaultConfigurationIsVisible = 0;
			defaultConfigurationName = Release;
		};
		17DBA8E527CD1E8E002FDB3D /* Build configuration list for PBXNativeTarget "Birds of IstanbulTests" */ = {
			isa = XCConfigurationList;
			buildConfigurations = (
				17DBA8E627CD1E8E002FDB3D /* Debug */,
				17DBA8E727CD1E8E002FDB3D /* Release */,
			);
			defaultConfigurationIsVisible = 0;
			defaultConfigurationName = Release;
		};
		17DBA8E827CD1E8E002FDB3D /* Build configuration list for PBXNativeTarget "Birds of IstanbulUITests" */ = {
			isa = XCConfigurationList;
			buildConfigurations = (
				17DBA8E927CD1E8E002FDB3D /* Debug */,
				17DBA8EA27CD1E8E002FDB3D /* Release */,
			);
			defaultConfigurationIsVisible = 0;
			defaultConfigurationName = Release;
		};
/* End XCConfigurationList section */
	};
	rootObject = 17DBA8B627CD1E8E002FDB3D /* Project object */;
}
